
Microsoft Visual Studio Solution File, Format Version 12.00
# Visual Studio Version 17
VisualStudioVersion = 17.10.35013.160
MinimumVisualStudioVersion = 10.0.40219.1
Project("{FAE04EC0-301F-11D3-BF4B-00C04F79EFBC}") = "AndroidApp", "AndroidApp\AndroidApp.csproj", "{CE35CEDD-7313-482E-9092-9DB81E05C0DA}"
EndProject
Project("{FAE04EC0-301F-11D3-BF4B-00C04F79EFBC}") = "ElementsUI", "ElementsUI\ElementsUI.csproj", "{AAA22837-A8E6-4A6D-A0CA-6CB40EF2B568}"
EndProject
Global
	GlobalSection(SolutionConfigurationPlatforms) = preSolution
		Debug|Any CPU = Debug|Any CPU
		Release|Any CPU = Release|Any CPU
	EndGlobalSection
	GlobalSection(ProjectConfigurationPlatforms) = postSolution
		{CE35CEDD-7313-482E-9092-9DB81E05C0DA}.Debug|Any CPU.ActiveCfg = Debug|Any CPU
		{CE35CEDD-7313-482E-9092-9DB81E05C0DA}.Debug|Any CPU.Build.0 = Debug|Any CPU
		{CE35CEDD-7313-482E-9092-9DB81E05C0DA}.Debug|Any CPU.Deploy.0 = Debug|Any CPU
		{CE35CEDD-7313-482E-9092-9DB81E05C0DA}.Release|Any CPU.ActiveCfg = Release|Any CPU
		{CE35CEDD-7313-482E-9092-9DB81E05C0DA}.Release|Any CPU.Build.0 = Release|Any CPU
		{CE35CEDD-7313-482E-9092-9DB81E05C0DA}.Release|Any CPU.Deploy.0 = Release|Any CPU
		{AAA22837-A8E6-4A6D-A0CA-6CB40EF2B568}.Debug|Any CPU.ActiveCfg = Debug|Any CPU
		{AAA22837-A8E6-4A6D-A0CA-6CB40EF2B568}.Debug|Any CPU.Build.0 = Debug|Any CPU
		{AAA22837-A8E6-4A6D-A0CA-6CB40EF2B568}.Release|Any CPU.ActiveCfg = Release|Any CPU
		{AAA22837-A8E6-4A6D-A0CA-6CB40EF2B568}.Release|Any CPU.Build.0 = Release|Any CPU
	EndGlobalSection
	GlobalSection(SolutionProperties) = preSolution
		HideSolutionNode = FALSE
	EndGlobalSection
	GlobalSection(ExtensibilityGlobals) = postSolution
		SolutionGuid = {386A3420-2E93-4307-945E-52F19DA1B47F}
	EndGlobalSection
EndGlobal
