
Microsoft Visual Studio Solution File, Format Version 12.00
# Visual Studio Version 17
VisualStudioVersion = 17.10.35013.160
MinimumVisualStudioVersion = 10.0.40219.1
Project("{FAE04EC0-301F-11D3-BF4B-00C04F79EFBC}") = "Project1", "Project1\Project1.csproj", "{072FB64D-0402-4EAD-9059-AF680F3EE07F}"
EndProject
Project("{FAE04EC0-301F-11D3-BF4B-00C04F79EFBC}") = "LibraryClasses", "LibraryClasses\LibraryClasses.csproj", "{35A4E402-18A9-4A5F-B9D2-65B229A28150}"
EndProject
Global
	GlobalSection(SolutionConfigurationPlatforms) = preSolution
		Debug|Any CPU = Debug|Any CPU
		Release|Any CPU = Release|Any CPU
	EndGlobalSection
	GlobalSection(ProjectConfigurationPlatforms) = postSolution
		{072FB64D-0402-4EAD-9059-AF680F3EE07F}.Debug|Any CPU.ActiveCfg = Debug|Any CPU
		{072FB64D-0402-4EAD-9059-AF680F3EE07F}.Debug|Any CPU.Build.0 = Debug|Any CPU
		{072FB64D-0402-4EAD-9059-AF680F3EE07F}.Debug|Any CPU.Deploy.0 = Debug|Any CPU
		{072FB64D-0402-4EAD-9059-AF680F3EE07F}.Release|Any CPU.ActiveCfg = Release|Any CPU
		{072FB64D-0402-4EAD-9059-AF680F3EE07F}.Release|Any CPU.Build.0 = Release|Any CPU
		{072FB64D-0402-4EAD-9059-AF680F3EE07F}.Release|Any CPU.Deploy.0 = Release|Any CPU
		{35A4E402-18A9-4A5F-B9D2-65B229A28150}.Debug|Any CPU.ActiveCfg = Debug|Any CPU
		{35A4E402-18A9-4A5F-B9D2-65B229A28150}.Debug|Any CPU.Build.0 = Debug|Any CPU
		{35A4E402-18A9-4A5F-B9D2-65B229A28150}.Release|Any CPU.ActiveCfg = Release|Any CPU
		{35A4E402-18A9-4A5F-B9D2-65B229A28150}.Release|Any CPU.Build.0 = Release|Any CPU
	EndGlobalSection
	GlobalSection(SolutionProperties) = preSolution
		HideSolutionNode = FALSE
	EndGlobalSection
	GlobalSection(ExtensibilityGlobals) = postSolution
		SolutionGuid = {578B8E79-A40E-49AB-B04E-2BB32E6DD329}
	EndGlobalSection
EndGlobal
